// !$*UTF8*$!
{
	archiveVersion = 1;
	classes = {
	};
	objectVersion = 48;
	objects = {

/* Begin PBXBuildFile section */
		109276AB7433593F987CB1AF /* libPods-JSONEx.a in Frameworks */ = {isa = PBXBuildFile; fileRef = 216ED7D22CFEFCD0ECA5ECCC /* libPods-JSONEx.a */; };
		BE0A75E22019C0D400146388 /* AppDelegate.m in Sources */ = {isa = PBXBuildFile; fileRef = BE0A75E12019C0D400146388 /* AppDelegate.m */; };
		BE0A75E52019C0D400146388 /* ViewController.m in Sources */ = {isa = PBXBuildFile; fileRef = BE0A75E42019C0D400146388 /* ViewController.m */; };
		BE0A75E82019C0D400146388 /* Main.storyboard in Resources */ = {isa = PBXBuildFile; fileRef = BE0A75E62019C0D400146388 /* Main.storyboard */; };
		BE0A75EA2019C0D400146388 /* Assets.xcassets in Resources */ = {isa = PBXBuildFile; fileRef = BE0A75E92019C0D400146388 /* Assets.xcassets */; };
		BE0A75ED2019C0D400146388 /* LaunchScreen.storyboard in Resources */ = {isa = PBXBuildFile; fileRef = BE0A75EB2019C0D400146388 /* LaunchScreen.storyboard */; };
		BE0A75F02019C0D400146388 /* main.m in Sources */ = {isa = PBXBuildFile; fileRef = BE0A75EF2019C0D400146388 /* main.m */; };
		BE0A75F92019C19000146388 /* JSONEx.m in Sources */ = {isa = PBXBuildFile; fileRef = BE0A75F72019C18F00146388 /* JSONEx.m */; };
		BE0A7604201ACBCC00146388 /* user.json in Resources */ = {isa = PBXBuildFile; fileRef = BE0A7602201ACBCC00146388 /* user.json */; };
		BE0A7605201ACBCC00146388 /* GitHubUser.m in Sources */ = {isa = PBXBuildFile; fileRef = BE0A7603201ACBCC00146388 /* GitHubUser.m */; };
		BEA3866F207CAE7D00609F05 /* SwiftJsonTest.swift in Sources */ = {isa = PBXBuildFile; fileRef = BEA3866E207CAE7D00609F05 /* SwiftJsonTest.swift */; };
/* End PBXBuildFile section */

/* Begin PBXFileReference section */
		216ED7D22CFEFCD0ECA5ECCC /* libPods-JSONEx.a */ = {isa = PBXFileReference; explicitFileType = archive.ar; includeInIndex = 0; path = "libPods-JSONEx.a"; sourceTree = BUILT_PRODUCTS_DIR; };
		5D4D0C9882C203D5B0920871 /* Pods-JSONEx.release.xcconfig */ = {isa = PBXFileReference; includeInIndex = 1; lastKnownFileType = text.xcconfig; name = "Pods-JSONEx.release.xcconfig"; path = "Pods/Target Support Files/Pods-JSONEx/Pods-JSONEx.release.xcconfig"; sourceTree = "<group>"; };
		63D2C68DEDCC8F96A284B389 /* Pods-JSONEx.debug.xcconfig */ = {isa = PBXFileReference; includeInIndex = 1; lastKnownFileType = text.xcconfig; name = "Pods-JSONEx.debug.xcconfig"; path = "Pods/Target Support Files/Pods-JSONEx/Pods-JSONEx.debug.xcconfig"; sourceTree = "<group>"; };
		BE0A75DD2019C0D400146388 /* JSONEx.app */ = {isa = PBXFileReference; explicitFileType = wrapper.application; includeInIndex = 0; path = JSONEx.app; sourceTree = BUILT_PRODUCTS_DIR; };
		BE0A75E02019C0D400146388 /* AppDelegate.h */ = {isa = PBXFileReference; lastKnownFileType = sourcecode.c.h; path = AppDelegate.h; sourceTree = "<group>"; };
		BE0A75E12019C0D400146388 /* AppDelegate.m */ = {isa = PBXFileReference; lastKnownFileType = sourcecode.c.objc; path = AppDelegate.m; sourceTree = "<group>"; };
		BE0A75E32019C0D400146388 /* ViewController.h */ = {isa = PBXFileReference; lastKnownFileType = sourcecode.c.h; path = ViewController.h; sourceTree = "<group>"; };
		BE0A75E42019C0D400146388 /* ViewController.m */ = {isa = PBXFileReference; lastKnownFileType = sourcecode.c.objc; path = ViewController.m; sourceTree = "<group>"; };
		BE0A75E72019C0D400146388 /* Base */ = {isa = PBXFileReference; lastKnownFileType = file.storyboard; name = Base; path = Base.lproj/Main.storyboard; sourceTree = "<group>"; };
		BE0A75E92019C0D400146388 /* Assets.xcassets */ = {isa = PBXFileReference; lastKnownFileType = folder.assetcatalog; path = Assets.xcassets; sourceTree = "<group>"; };
		BE0A75EC2019C0D400146388 /* Base */ = {isa = PBXFileReference; lastKnownFileType = file.storyboard; name = Base; path = Base.lproj/LaunchScreen.storyboard; sourceTree = "<group>"; };
		BE0A75EE2019C0D400146388 /* Info.plist */ = {isa = PBXFileReference; lastKnownFileType = text.plist.xml; path = Info.plist; sourceTree = "<group>"; };
		BE0A75EF2019C0D400146388 /* main.m */ = {isa = PBXFileReference; lastKnownFileType = sourcecode.c.objc; path = main.m; sourceTree = "<group>"; };
		BE0A75F72019C18F00146388 /* JSONEx.m */ = {isa = PBXFileReference; fileEncoding = 4; lastKnownFileType = sourcecode.c.objc; path = JSONEx.m; sourceTree = "<group>"; };
		BE0A75F82019C18F00146388 /* JSONEx.h */ = {isa = PBXFileReference; fileEncoding = 4; lastKnownFileType = sourcecode.c.h; path = JSONEx.h; sourceTree = "<group>"; };
		BE0A7601201ACBCC00146388 /* GitHubUser.h */ = {isa = PBXFileReference; fileEncoding = 4; lastKnownFileType = sourcecode.c.h; path = GitHubUser.h; sourceTree = "<group>"; };
		BE0A7602201ACBCC00146388 /* user.json */ = {isa = PBXFileReference; fileEncoding = 4; lastKnownFileType = text.json; path = user.json; sourceTree = "<group>"; };
		BE0A7603201ACBCC00146388 /* GitHubUser.m */ = {isa = PBXFileReference; fileEncoding = 4; lastKnownFileType = sourcecode.c.objc; path = GitHubUser.m; sourceTree = "<group>"; };
		BEA3866D207CAE7D00609F05 /* JSONEx-Bridging-Header.h */ = {isa = PBXFileReference; lastKnownFileType = sourcecode.c.h; path = "JSONEx-Bridging-Header.h"; sourceTree = "<group>"; };
		BEA3866E207CAE7D00609F05 /* SwiftJsonTest.swift */ = {isa = PBXFileReference; lastKnownFileType = sourcecode.swift; path = SwiftJsonTest.swift; sourceTree = "<group>"; };
/* End PBXFileReference section */

/* Begin PBXFrameworksBuildPhase section */
		BE0A75DA2019C0D400146388 /* Frameworks */ = {
			isa = PBXFrameworksBuildPhase;
			buildActionMask = 2147483647;
			files = (
				109276AB7433593F987CB1AF /* libPods-JSONEx.a in Frameworks */,
			);
			runOnlyForDeploymentPostprocessing = 0;
		};
/* End PBXFrameworksBuildPhase section */

/* Begin PBXGroup section */
		5687A22F81155C1527FB22FF /* Frameworks */ = {
			isa = PBXGroup;
			children = (
				216ED7D22CFEFCD0ECA5ECCC /* libPods-JSONEx.a */,
			);
			name = Frameworks;
			sourceTree = "<group>";
		};
		BE0A75D42019C0D400146388 = {
			isa = PBXGroup;
			children = (
				BE0A75DF2019C0D400146388 /* JSONEx */,
				BE0A75DE2019C0D400146388 /* Products */,
				E5854157ABD235F3403A24BA /* Pods */,
				5687A22F81155C1527FB22FF /* Frameworks */,
			);
			sourceTree = "<group>";
		};
		BE0A75DE2019C0D400146388 /* Products */ = {
			isa = PBXGroup;
			children = (
				BE0A75DD2019C0D400146388 /* JSONEx.app */,
			);
			name = Products;
			sourceTree = "<group>";
		};
		BE0A75DF2019C0D400146388 /* JSONEx */ = {
			isa = PBXGroup;
			children = (
				BE0A75F62019C18F00146388 /* JSONex */,
				BE0A7600201ACBCC00146388 /* GithubUserModel */,
				BE0A75E02019C0D400146388 /* AppDelegate.h */,
				BE0A75E12019C0D400146388 /* AppDelegate.m */,
				BE0A75E32019C0D400146388 /* ViewController.h */,
				BE0A75E42019C0D400146388 /* ViewController.m */,
				BE0A75E62019C0D400146388 /* Main.storyboard */,
				BE0A75E92019C0D400146388 /* Assets.xcassets */,
				BE0A75EB2019C0D400146388 /* LaunchScreen.storyboard */,
				BE0A75EE2019C0D400146388 /* Info.plist */,
				BE0A75EF2019C0D400146388 /* main.m */,
				BEA3866E207CAE7D00609F05 /* SwiftJsonTest.swift */,
				BEA3866D207CAE7D00609F05 /* JSONEx-Bridging-Header.h */,
			);
			path = JSONEx;
			sourceTree = "<group>";
		};
		BE0A75F62019C18F00146388 /* JSONex */ = {
			isa = PBXGroup;
			children = (
				BE0A75F72019C18F00146388 /* JSONEx.m */,
				BE0A75F82019C18F00146388 /* JSONEx.h */,
			);
			path = JSONex;
			sourceTree = "<group>";
		};
		BE0A7600201ACBCC00146388 /* GithubUserModel */ = {
			isa = PBXGroup;
			children = (
				BE0A7601201ACBCC00146388 /* GitHubUser.h */,
				BE0A7603201ACBCC00146388 /* GitHubUser.m */,
				BE0A7602201ACBCC00146388 /* user.json */,
			);
			path = GithubUserModel;
			sourceTree = "<group>";
		};
		E5854157ABD235F3403A24BA /* Pods */ = {
			isa = PBXGroup;
			children = (
				63D2C68DEDCC8F96A284B389 /* Pods-JSONEx.debug.xcconfig */,
				5D4D0C9882C203D5B0920871 /* Pods-JSONEx.release.xcconfig */,
			);
			name = Pods;
			sourceTree = "<group>";
		};
/* End PBXGroup section */

/* Begin PBXNativeTarget section */
		BE0A75DC2019C0D400146388 /* JSONEx */ = {
			isa = PBXNativeTarget;
			buildConfigurationList = BE0A75F32019C0D400146388 /* Build configuration list for PBXNativeTarget "JSONEx" */;
			buildPhases = (
				441D7B39DFBE05EC2F18C5F0 /* [CP] Check Pods Manifest.lock */,
				BE0A75D92019C0D400146388 /* Sources */,
				BE0A75DA2019C0D400146388 /* Frameworks */,
				BE0A75DB2019C0D400146388 /* Resources */,
				415146C4764CA1D97CAA355D /* [CP] Embed Pods Frameworks */,
				12946BCAC8A8AFA92C77F349 /* [CP] Copy Pods Resources */,
			);
			buildRules = (
			);
			dependencies = (
			);
			name = JSONEx;
			productName = JSONEx;
			productReference = BE0A75DD2019C0D400146388 /* JSONEx.app */;
			productType = "com.apple.product-type.application";
		};
/* End PBXNativeTarget section */

/* Begin PBXProject section */
		BE0A75D52019C0D400146388 /* Project object */ = {
			isa = PBXProject;
			attributes = {
				LastUpgradeCheck = 0920;
				ORGANIZATIONNAME = yangyi;
				TargetAttributes = {
					BE0A75DC2019C0D400146388 = {
						CreatedOnToolsVersion = 9.2;
						LastSwiftMigration = 0930;
						ProvisioningStyle = Manual;
					};
				};
			};
			buildConfigurationList = BE0A75D82019C0D400146388 /* Build configuration list for PBXProject "JSONEx" */;
			compatibilityVersion = "Xcode 8.0";
			developmentRegion = en;
			hasScannedForEncodings = 0;
			knownRegions = (
				en,
				Base,
			);
			mainGroup = BE0A75D42019C0D400146388;
			productRefGroup = BE0A75DE2019C0D400146388 /* Products */;
			projectDirPath = "";
			projectRoot = "";
			targets = (
				BE0A75DC2019C0D400146388 /* JSONEx */,
			);
		};
/* End PBXProject section */

/* Begin PBXResourcesBuildPhase section */
		BE0A75DB2019C0D400146388 /* Resources */ = {
			isa = PBXResourcesBuildPhase;
			buildActionMask = 2147483647;
			files = (
				BE0A7604201ACBCC00146388 /* user.json in Resources */,
				BE0A75ED2019C0D400146388 /* LaunchScreen.storyboard in Resources */,
				BE0A75EA2019C0D400146388 /* Assets.xcassets in Resources */,
				BE0A75E82019C0D400146388 /* Main.storyboard in Resources */,
			);
			runOnlyForDeploymentPostprocessing = 0;
		};
/* End PBXResourcesBuildPhase section */

/* Begin PBXShellScriptBuildPhase section */
		12946BCAC8A8AFA92C77F349 /* [CP] Copy Pods Resources */ = {
			isa = PBXShellScriptBuildPhase;
			buildActionMask = 2147483647;
			files = (
			);
			inputPaths = (
			);
			name = "[CP] Copy Pods Resources";
			outputPaths = (
			);
			runOnlyForDeploymentPostprocessing = 0;
			shellPath = /bin/sh;
			shellScript = "\"${SRCROOT}/Pods/Target Support Files/Pods-JSONEx/Pods-JSONEx-resources.sh\"\n";
			showEnvVarsInLog = 0;
		};
		415146C4764CA1D97CAA355D /* [CP] Embed Pods Frameworks */ = {
			isa = PBXShellScriptBuildPhase;
			buildActionMask = 2147483647;
			files = (
			);
			inputPaths = (
			);
			name = "[CP] Embed Pods Frameworks";
			outputPaths = (
			);
			runOnlyForDeploymentPostprocessing = 0;
			shellPath = /bin/sh;
			shellScript = "\"${SRCROOT}/Pods/Target Support Files/Pods-JSONEx/Pods-JSONEx-frameworks.sh\"\n";
			showEnvVarsInLog = 0;
		};
		441D7B39DFBE05EC2F18C5F0 /* [CP] Check Pods Manifest.lock */ = {
			isa = PBXShellScriptBuildPhase;
			buildActionMask = 2147483647;
			files = (
			);
			inputPaths = (
				"${PODS_PODFILE_DIR_PATH}/Podfile.lock",
				"${PODS_ROOT}/Manifest.lock",
			);
			name = "[CP] Check Pods Manifest.lock";
			outputPaths = (
				"$(DERIVED_FILE_DIR)/Pods-JSONEx-checkManifestLockResult.txt",
			);
			runOnlyForDeploymentPostprocessing = 0;
			shellPath = /bin/sh;
			shellScript = "diff \"${PODS_PODFILE_DIR_PATH}/Podfile.lock\" \"${PODS_ROOT}/Manifest.lock\" > /dev/null\nif [ $? != 0 ] ; then\n    # print error to STDERR\n    echo \"error: The sandbox is not in sync with the Podfile.lock. Run 'pod install' or update your CocoaPods installation.\" >&2\n    exit 1\nfi\n# This output is used by Xcode 'outputs' to avoid re-running this script phase.\necho \"SUCCESS\" > \"${SCRIPT_OUTPUT_FILE_0}\"\n";
			showEnvVarsInLog = 0;
		};
/* End PBXShellScriptBuildPhase section */

/* Begin PBXSourcesBuildPhase section */
		BE0A75D92019C0D400146388 /* Sources */ = {
			isa = PBXSourcesBuildPhase;
			buildActionMask = 2147483647;
			files = (
				BE0A75E52019C0D400146388 /* ViewController.m in Sources */,
				BEA3866F207CAE7D00609F05 /* SwiftJsonTest.swift in Sources */,
				BE0A7605201ACBCC00146388 /* GitHubUser.m in Sources */,
				BE0A75F02019C0D400146388 /* main.m in Sources */,
				BE0A75F92019C19000146388 /* JSONEx.m in Sources */,
				BE0A75E22019C0D400146388 /* AppDelegate.m in Sources */,
			);
			runOnlyForDeploymentPostprocessing = 0;
		};
/* End PBXSourcesBuildPhase section */

/* Begin PBXVariantGroup section */
		BE0A75E62019C0D400146388 /* Main.storyboard */ = {
			isa = PBXVariantGroup;
			children = (
				BE0A75E72019C0D400146388 /* Base */,
			);
			name = Main.storyboard;
			sourceTree = "<group>";
		};
		BE0A75EB2019C0D400146388 /* LaunchScreen.storyboard */ = {
			isa = PBXVariantGroup;
			children = (
				BE0A75EC2019C0D400146388 /* Base */,
			);
			name = LaunchScreen.storyboard;
			sourceTree = "<group>";
		};
/* End PBXVariantGroup section */

/* Begin XCBuildConfiguration section */
		BE0A75F12019C0D400146388 /* Debug */ = {
			isa = XCBuildConfiguration;
			buildSettings = {
				ALWAYS_SEARCH_USER_PATHS = NO;
				CLANG_ANALYZER_NONNULL = YES;
				CLANG_ANALYZER_NUMBER_OBJECT_CONVERSION = YES_AGGRESSIVE;
				CLANG_CXX_LANGUAGE_STANDARD = "gnu++14";
				CLANG_CXX_LIBRARY = "libc++";
				CLANG_ENABLE_MODULES = YES;
				CLANG_ENABLE_OBJC_ARC = YES;
				CLANG_WARN_BLOCK_CAPTURE_AUTORELEASING = YES;
				CLANG_WARN_BOOL_CONVERSION = YES;
				CLANG_WARN_COMMA = YES;
				CLANG_WARN_CONSTANT_CONVERSION = YES;
				CLANG_WARN_DIRECT_OBJC_ISA_USAGE = YES_ERROR;
				CLANG_WARN_DOCUMENTATION_COMMENTS = YES;
				CLANG_WARN_EMPTY_BODY = YES;
				CLANG_WARN_ENUM_CONVERSION = YES;
				CLANG_WARN_INFINITE_RECURSION = YES;
				CLANG_WARN_INT_CONVERSION = YES;
				CLANG_WARN_NON_LITERAL_NULL_CONVERSION = YES;
				CLANG_WARN_OBJC_LITERAL_CONVERSION = YES;
				CLANG_WARN_OBJC_ROOT_CLASS = YES_ERROR;
				CLANG_WARN_RANGE_LOOP_ANALYSIS = YES;
				CLANG_WARN_STRICT_PROTOTYPES = YES;
				CLANG_WARN_SUSPICIOUS_MOVE = YES;
				CLANG_WARN_UNGUARDED_AVAILABILITY = YES_AGGRESSIVE;
				CLANG_WARN_UNREACHABLE_CODE = YES;
				CLANG_WARN__DUPLICATE_METHOD_MATCH = YES;
				CODE_SIGN_IDENTITY = "iPhone Developer";
				COPY_PHASE_STRIP = NO;
				DEBUG_INFORMATION_FORMAT = dwarf;
				ENABLE_STRICT_OBJC_MSGSEND = YES;
				ENABLE_TESTABILITY = YES;
				GCC_C_LANGUAGE_STANDARD = gnu11;
				GCC_DYNAMIC_NO_PIC = NO;
				GCC_NO_COMMON_BLOCKS = YES;
				GCC_OPTIMIZATION_LEVEL = 0;
				GCC_PREPROCESSOR_DEFINITIONS = (
					"DEBUG=1",
					"$(inherited)",
				);
				GCC_WARN_64_TO_32_BIT_CONVERSION = YES;
				GCC_WARN_ABOUT_RETURN_TYPE = YES_ERROR;
				GCC_WARN_UNDECLARED_SELECTOR = YES;
				GCC_WARN_UNINITIALIZED_AUTOS = YES_AGGRESSIVE;
				GCC_WARN_UNUSED_FUNCTION = YES;
				GCC_WARN_UNUSED_VARIABLE = YES;
				IPHONEOS_DEPLOYMENT_TARGET = 11.2;
				MTL_ENABLE_DEBUG_INFO = YES;
				ONLY_ACTIVE_ARCH = YES;
				SDKROOT = iphoneos;
			};
			name = Debug;
		};
		BE0A75F22019C0D400146388 /* Release */ = {
			isa = XCBuildConfiguration;
			buildSettings = {
				ALWAYS_SEARCH_USER_PATHS = NO;
				CLANG_ANALYZER_NONNULL = YES;
				CLANG_ANALYZER_NUMBER_OBJECT_CONVERSION = YES_AGGRESSIVE;
				CLANG_CXX_LANGUAGE_STANDARD = "gnu++14";
				CLANG_CXX_LIBRARY = "libc++";
				CLANG_ENABLE_MODULES = YES;
				CLANG_ENABLE_OBJC_ARC = YES;
				CLANG_WARN_BLOCK_CAPTURE_AUTORELEASING = YES;
				CLANG_WARN_BOOL_CONVERSION = YES;
				CLANG_WARN_COMMA = YES;
				CLANG_WARN_CONSTANT_CONVERSION = YES;
				CLANG_WARN_DIRECT_OBJC_ISA_USAGE = YES_ERROR;
				CLANG_WARN_DOCUMENTATION_COMMENTS = YES;
				CLANG_WARN_EMPTY_BODY = YES;
				CLANG_WARN_ENUM_CONVERSION = YES;
				CLANG_WARN_INFINITE_RECURSION = YES;
				CLANG_WARN_INT_CONVERSION = YES;
				CLANG_WARN_NON_LITERAL_NULL_CONVERSION = YES;
				CLANG_WARN_OBJC_LITERAL_CONVERSION = YES;
				CLANG_WARN_OBJC_ROOT_CLASS = YES_ERROR;
				CLANG_WARN_RANGE_LOOP_ANALYSIS = YES;
				CLANG_WARN_STRICT_PROTOTYPES = YES;
				CLANG_WARN_SUSPICIOUS_MOVE = YES;
				CLANG_WARN_UNGUARDED_AVAILABILITY = YES_AGGRESSIVE;
				CLANG_WARN_UNREACHABLE_CODE = YES;
				CLANG_WARN__DUPLICATE_METHOD_MATCH = YES;
				CODE_SIGN_IDENTITY = "iPhone Developer";
				COPY_PHASE_STRIP = NO;
				DEBUG_INFORMATION_FORMAT = "dwarf-with-dsym";
				ENABLE_NS_ASSERTIONS = NO;
				ENABLE_STRICT_OBJC_MSGSEND = YES;
				GCC_C_LANGUAGE_STANDARD = gnu11;
				GCC_NO_COMMON_BLOCKS = YES;
				GCC_WARN_64_TO_32_BIT_CONVERSION = YES;
				GCC_WARN_ABOUT_RETURN_TYPE = YES_ERROR;
				GCC_WARN_UNDECLARED_SELECTOR = YES;
				GCC_WARN_UNINITIALIZED_AUTOS = YES_AGGRESSIVE;
				GCC_WARN_UNUSED_FUNCTION = YES;
				GCC_WARN_UNUSED_VARIABLE = YES;
				IPHONEOS_DEPLOYMENT_TARGET = 11.2;
				MTL_ENABLE_DEBUG_INFO = NO;
				SDKROOT = iphoneos;
				VALIDATE_PRODUCT = YES;
			};
			name = Release;
		};
		BE0A75F42019C0D400146388 /* Debug */ = {
			isa = XCBuildConfiguration;
			baseConfigurationReference = 63D2C68DEDCC8F96A284B389 /* Pods-JSONEx.debug.xcconfig */;
			buildSettings = {
				ASSETCATALOG_COMPILER_APPICON_NAME = AppIcon;
				CLANG_ENABLE_MODULES = YES;
				CODE_SIGN_STYLE = Manual;
				DEVELOPMENT_TEAM = K7MDP8Y272;
				INFOPLIST_FILE = JSONEx/Info.plist;
				LD_RUNPATH_SEARCH_PATHS = "$(inherited) @executable_path/Frameworks";
				PRODUCT_BUNDLE_IDENTIFIER = com.melot.JSONEx;
				PRODUCT_NAME = "$(TARGET_NAME)";
				PROVISIONING_PROFILE = "a0b197a1-dbd3-4fbf-893c-196dd942e2e7";
				PROVISIONING_PROFILE_SPECIFIER = KKUniversal_Dev;
				SWIFT_OBJC_BRIDGING_HEADER = "JSONEx/JSONEx-Bridging-Header.h";
				SWIFT_OPTIMIZATION_LEVEL = "-Onone";
				SWIFT_VERSION = 3.0;
				TARGETED_DEVICE_FAMILY = "1,2";
			};
			name = Debug;
		};
		BE0A75F52019C0D400146388 /* Release */ = {
			isa = XCBuildConfiguration;
			baseConfigurationReference = 5D4D0C9882C203D5B0920871 /* Pods-JSONEx.release.xcconfig */;
			buildSettings = {
				ASSETCATALOG_COMPILER_APPICON_NAME = AppIcon;
				CLANG_ENABLE_MODULES = YES;
				CODE_SIGN_STYLE = Manual;
				DEVELOPMENT_TEAM = "";
				INFOPLIST_FILE = JSONEx/Info.plist;
				LD_RUNPATH_SEARCH_PATHS = "$(inherited) @executable_path/Frameworks";
				PRODUCT_BUNDLE_IDENTIFIER = com.melot.JSONEx;
				PRODUCT_NAME = "$(TARGET_NAME)";
				PROVISIONING_PROFILE_SPECIFIER = "";
				SWIFT_OBJC_BRIDGING_HEADER = "JSONEx/JSONEx-Bridging-Header.h";
				SWIFT_VERSION = 3.0;
				TARGETED_DEVICE_FAMILY = "1,2";
			};
			name = Release;
		};
/* End XCBuildConfiguration section */

/* Begin XCConfigurationList section */
		BE0A75D82019C0D400146388 /* Build configuration list for PBXProject "JSONEx" */ = {
			isa = XCConfigurationList;
			buildConfigurations = (
				BE0A75F12019C0D400146388 /* Debug */,
				BE0A75F22019C0D400146388 /* Release */,
			);
			defaultConfigurationIsVisible = 0;
			defaultConfigurationName = Release;
		};
		BE0A75F32019C0D400146388 /* Build configuration list for PBXNativeTarget "JSONEx" */ = {
			isa = XCConfigurationList;
			buildConfigurations = (
				BE0A75F42019C0D400146388 /* Debug */,
				BE0A75F52019C0D400146388 /* Release */,
			);
			defaultConfigurationIsVisible = 0;
			defaultConfigurationName = Release;
		};
/* End XCConfigurationList section */
	};
	rootObject = BE0A75D52019C0D400146388 /* Project object */;
}
